
Microsoft Visual Studio Solution File, Format Version 12.00
# Visual Studio Version 17
VisualStudioVersion = 17.4.33213.308
MinimumVisualStudioVersion = 10.0.40219.1
Project("{9A19103F-16F7-4668-BE54-9A1E7A4F7556}") = "Lexer", "Lexer\Lexer.csproj", "{151642B8-72B2-4D76-944C-54F29FD4558A}"
EndProject
Project("{9A19103F-16F7-4668-BE54-9A1E7A4F7556}") = "UnitTests", "UnitTests\UnitTests.csproj", "{D147CF6F-3170-4418-829E-F7649046C5D2}"
EndProject
Project("{9A19103F-16F7-4668-BE54-9A1E7A4F7556}") = "Compiler", "Compiler\Compiler.csproj", "{961C6DD9-4DB3-409A-9A38-BB1A1FF53B93}"
EndProject
Project("{9A19103F-16F7-4668-BE54-9A1E7A4F7556}") = "VirtualMachine", "VirtualMachine\VirtualMachine.csproj", "{5A5FACE5-4369-4EB1-BAF6-3C66BF19B50A}"
EndProject
Project("{FAE04EC0-301F-11D3-BF4B-00C04F79EFBC}") = "App", "App\App.csproj", "{D4A1EA50-0F2C-4457-A609-893D8C7F1AEC}"
EndProject
Global
	GlobalSection(SolutionConfigurationPlatforms) = preSolution
		Debug|Any CPU = Debug|Any CPU
		Release|Any CPU = Release|Any CPU
	EndGlobalSection
	GlobalSection(ProjectConfigurationPlatforms) = postSolution
		{151642B8-72B2-4D76-944C-54F29FD4558A}.Debug|Any CPU.ActiveCfg = Debug|Any CPU
		{151642B8-72B2-4D76-944C-54F29FD4558A}.Debug|Any CPU.Build.0 = Debug|Any CPU
		{151642B8-72B2-4D76-944C-54F29FD4558A}.Release|Any CPU.ActiveCfg = Release|Any CPU
		{151642B8-72B2-4D76-944C-54F29FD4558A}.Release|Any CPU.Build.0 = Release|Any CPU
		{D147CF6F-3170-4418-829E-F7649046C5D2}.Debug|Any CPU.ActiveCfg = Debug|Any CPU
		{D147CF6F-3170-4418-829E-F7649046C5D2}.Debug|Any CPU.Build.0 = Debug|Any CPU
		{D147CF6F-3170-4418-829E-F7649046C5D2}.Release|Any CPU.ActiveCfg = Release|Any CPU
		{D147CF6F-3170-4418-829E-F7649046C5D2}.Release|Any CPU.Build.0 = Release|Any CPU
		{961C6DD9-4DB3-409A-9A38-BB1A1FF53B93}.Debug|Any CPU.ActiveCfg = Debug|Any CPU
		{961C6DD9-4DB3-409A-9A38-BB1A1FF53B93}.Debug|Any CPU.Build.0 = Debug|Any CPU
		{961C6DD9-4DB3-409A-9A38-BB1A1FF53B93}.Release|Any CPU.ActiveCfg = Release|Any CPU
		{961C6DD9-4DB3-409A-9A38-BB1A1FF53B93}.Release|Any CPU.Build.0 = Release|Any CPU
		{5A5FACE5-4369-4EB1-BAF6-3C66BF19B50A}.Debug|Any CPU.ActiveCfg = Debug|Any CPU
		{5A5FACE5-4369-4EB1-BAF6-3C66BF19B50A}.Debug|Any CPU.Build.0 = Debug|Any CPU
		{5A5FACE5-4369-4EB1-BAF6-3C66BF19B50A}.Release|Any CPU.ActiveCfg = Release|Any CPU
		{5A5FACE5-4369-4EB1-BAF6-3C66BF19B50A}.Release|Any CPU.Build.0 = Release|Any CPU
		{D4A1EA50-0F2C-4457-A609-893D8C7F1AEC}.Debug|Any CPU.ActiveCfg = Debug|Any CPU
		{D4A1EA50-0F2C-4457-A609-893D8C7F1AEC}.Debug|Any CPU.Build.0 = Debug|Any CPU
		{D4A1EA50-0F2C-4457-A609-893D8C7F1AEC}.Release|Any CPU.ActiveCfg = Release|Any CPU
		{D4A1EA50-0F2C-4457-A609-893D8C7F1AEC}.Release|Any CPU.Build.0 = Release|Any CPU
	EndGlobalSection
	GlobalSection(SolutionProperties) = preSolution
		HideSolutionNode = FALSE
	EndGlobalSection
	GlobalSection(ExtensibilityGlobals) = postSolution
		SolutionGuid = {9DB80C86-3B38-4A09-8051-E18D74106333}
	EndGlobalSection
EndGlobal
